{
  "version": 4,
  "terraform_version": "1.10.2",
  "serial": 61,
  "lineage": "f37be981-062a-083e-5f00-42004920a4c1",
  "outputs": {},
  "resources": [
    {
      "mode": "managed",
      "type": "helm_release",
      "name": "argocd_app",
      "provider": "provider[\"registry.terraform.io/hashicorp/helm\"]",
      "instances": [
        {
          "schema_version": 1,
          "attributes": {
            "atomic": false,
            "chart": "argo-cd",
            "cleanup_on_fail": false,
            "create_namespace": false,
            "dependency_update": false,
            "description": null,
            "devel": null,
            "disable_crd_hooks": false,
            "disable_openapi_validation": false,
            "disable_webhooks": false,
            "force_update": false,
            "id": "argocd-app",
            "keyring": null,
            "lint": false,
            "manifest": null,
            "max_history": 0,
            "metadata": [
              {
                "app_version": "v2.3.3",
                "chart": "argo-cd",
                "first_deployed": 1734893588,
                "last_deployed": 1734893588,
                "name": "argocd-app",
                "namespace": "argocd-app",
                "notes": "\nIn order to access the server UI you have the following options:\n\n1. kubectl port-forward service/argocd-app-server -n argocd-app 8080:443\n\n    and then open the browser on http://localhost:8080 and accept the certificate\n\n2. enable ingress in the values file `server.ingress.enabled` and either\n      - Add the annotation for ssl passthrough: https://github.com/argoproj/argo-cd/blob/master/docs/operator-manual/ingress.md#option-1-ssl-passthrough\n      - Add the `--insecure` flag to `server.extraArgs` in the values file and terminate SSL at your ingress: https://github.com/argoproj/argo-cd/blob/master/docs/operator-manual/ingress.md#option-2-multiple-ingress-objects-and-hosts\n\n\nAfter reaching the UI the first time you can login with username: admin and the random password generated during the installation. You can find the password by running:\n\nkubectl -n argocd-app get secret argocd-initial-admin-secret -o jsonpath=\"{.data.password}\" | base64 -d\n\n(You should delete the initial secret afterwards as suggested by the Getting Started Guide: https://github.com/argoproj/argo-cd/blob/master/docs/getting_started.md#4-login-using-the-cli)\n",
                "revision": 1,
                "values": "{}",
                "version": "4.5.4"
              }
            ],
            "name": "argocd-app",
            "namespace": "argocd-app",
            "pass_credentials": false,
            "postrender": [],
            "recreate_pods": false,
            "render_subchart_notes": true,
            "replace": false,
            "repository": "https://argoproj.github.io/argo-helm",
            "repository_ca_file": null,
            "repository_cert_file": null,
            "repository_key_file": null,
            "repository_password": null,
            "repository_username": null,
            "reset_values": false,
            "reuse_values": false,
            "set": [],
            "set_list": [],
            "set_sensitive": [],
            "skip_crds": false,
            "status": "deployed",
            "timeout": 300,
            "upgrade_install": null,
            "values": null,
            "verify": false,
            "version": "4.5.4",
            "wait": true,
            "wait_for_jobs": false
          },
          "sensitive_attributes": [
            [
              {
                "type": "get_attr",
                "value": "repository_password"
              }
            ]
          ],
          "private": "eyJzY2hlbWFfdmVyc2lvbiI6IjEifQ==",
          "dependencies": [
            "kubernetes_namespace.argocd_app"
          ]
        }
      ]
    },
    {
      "mode": "managed",
      "type": "kubernetes_manifest",
      "name": "argocd_application",
      "provider": "provider[\"registry.terraform.io/hashicorp/kubernetes\"]",
      "instances": [
        {
          "schema_version": 1,
          "attributes": {
            "computed_fields": null,
            "field_manager": [],
            "manifest": {
              "value": {
                "apiVersion": "argoproj.io/v1alpha1",
                "kind": "Application",
                "metadata": {
                  "name": "flask-app",
                  "namespace": "argocd"
                },
                "spec": {
                  "destination": {
                    "namespace": "flask-app",
                    "server": "https://kubernetes.default.svc"
                  },
                  "project": "default",
                  "source": {
                    "path": "k8s",
                    "repoURL": "https://github.com/Farah-Abdelkefi/flask-app.git",
                    "targetRevision": "HEAD"
                  },
                  "syncPolicy": {
                    "automated": {
                      "prune": true,
                      "selfHeal": true
                    }
                  }
                }
              },
              "type": [
                "object",
                {
                  "apiVersion": "string",
                  "kind": "string",
                  "metadata": [
                    "object",
                    {
                      "name": "string",
                      "namespace": "string"
                    }
                  ],
                  "spec": [
                    "object",
                    {
                      "destination": [
                        "object",
                        {
                          "namespace": "string",
                          "server": "string"
                        }
                      ],
                      "project": "string",
                      "source": [
                        "object",
                        {
                          "path": "string",
                          "repoURL": "string",
                          "targetRevision": "string"
                        }
                      ],
                      "syncPolicy": [
                        "object",
                        {
                          "automated": [
                            "object",
                            {
                              "prune": "bool",
                              "selfHeal": "bool"
                            }
                          ]
                        }
                      ]
                    }
                  ]
                }
              ]
            },
            "object": {
              "value": {
                "apiVersion": "argoproj.io/v1alpha1",
                "kind": "Application",
                "metadata": {
                  "annotations": null,
                  "creationTimestamp": null,
                  "deletionGracePeriodSeconds": null,
                  "deletionTimestamp": null,
                  "finalizers": null,
                  "generateName": null,
                  "generation": null,
                  "labels": null,
                  "managedFields": null,
                  "name": "flask-app",
                  "namespace": "argocd",
                  "ownerReferences": null,
                  "resourceVersion": null,
                  "selfLink": null,
                  "uid": null
                },
                "operation": {
                  "info": null,
                  "initiatedBy": {
                    "automated": null,
                    "username": null
                  },
                  "retry": {
                    "backoff": {
                      "duration": null,
                      "factor": null,
                      "maxDuration": null
                    },
                    "limit": null
                  },
                  "sync": {
                    "autoHealAttemptsCount": null,
                    "dryRun": null,
                    "manifests": null,
                    "prune": null,
                    "resources": null,
                    "revision": null,
                    "revisions": null,
                    "source": {
                      "chart": null,
                      "directory": {
                        "exclude": null,
                        "include": null,
                        "jsonnet": {
                          "extVars": null,
                          "libs": null,
                          "tlas": null
                        },
                        "recurse": null
                      },
                      "helm": {
                        "apiVersions": null,
                        "fileParameters": null,
                        "ignoreMissingValueFiles": null,
                        "kubeVersion": null,
                        "namespace": null,
                        "parameters": null,
                        "passCredentials": null,
                        "releaseName": null,
                        "skipCrds": null,
                        "valueFiles": null,
                        "values": null,
                        "valuesObject": null,
                        "version": null
                      },
                      "kustomize": {
                        "apiVersions": null,
                        "commonAnnotations": null,
                        "commonAnnotationsEnvsubst": null,
                        "commonLabels": null,
                        "components": null,
                        "forceCommonAnnotations": null,
                        "forceCommonLabels": null,
                        "images": null,
                        "kubeVersion": null,
                        "labelWithoutSelector": null,
                        "namePrefix": null,
                        "nameSuffix": null,
                        "namespace": null,
                        "patches": null,
                        "replicas": null,
                        "version": null
                      },
                      "path": null,
                      "plugin": {
                        "env": null,
                        "name": null,
                        "parameters": null
                      },
                      "ref": null,
                      "repoURL": null,
                      "targetRevision": null
                    },
                    "sources": null,
                    "syncOptions": null,
                    "syncStrategy": {
                      "apply": {
                        "force": null
                      },
                      "hook": {
                        "force": null
                      }
                    }
                  }
                },
                "spec": {
                  "destination": {
                    "name": null,
                    "namespace": "flask-app",
                    "server": "https://kubernetes.default.svc"
                  },
                  "ignoreDifferences": null,
                  "info": null,
                  "project": "default",
                  "revisionHistoryLimit": null,
                  "source": {
                    "chart": null,
                    "directory": {
                      "exclude": null,
                      "include": null,
                      "jsonnet": {
                        "extVars": null,
                        "libs": null,
                        "tlas": null
                      },
                      "recurse": null
                    },
                    "helm": {
                      "apiVersions": null,
                      "fileParameters": null,
                      "ignoreMissingValueFiles": null,
                      "kubeVersion": null,
                      "namespace": null,
                      "parameters": null,
                      "passCredentials": null,
                      "releaseName": null,
                      "skipCrds": null,
                      "valueFiles": null,
                      "values": null,
                      "valuesObject": null,
                      "version": null
                    },
                    "kustomize": {
                      "apiVersions": null,
                      "commonAnnotations": null,
                      "commonAnnotationsEnvsubst": null,
                      "commonLabels": null,
                      "components": null,
                      "forceCommonAnnotations": null,
                      "forceCommonLabels": null,
                      "images": null,
                      "kubeVersion": null,
                      "labelWithoutSelector": null,
                      "namePrefix": null,
                      "nameSuffix": null,
                      "namespace": null,
                      "patches": null,
                      "replicas": null,
                      "version": null
                    },
                    "path": "k8s",
                    "plugin": {
                      "env": null,
                      "name": null,
                      "parameters": null
                    },
                    "ref": null,
                    "repoURL": "https://github.com/Farah-Abdelkefi/flask-app.git",
                    "targetRevision": "HEAD"
                  },
                  "sources": null,
                  "syncPolicy": {
                    "automated": {
                      "allowEmpty": null,
                      "prune": true,
                      "selfHeal": true
                    },
                    "managedNamespaceMetadata": {
                      "annotations": null,
                      "labels": null
                    },
                    "retry": {
                      "backoff": {
                        "duration": null,
                        "factor": null,
                        "maxDuration": null
                      },
                      "limit": null
                    },
                    "syncOptions": null
                  }
                }
              },
              "type": [
                "object",
                {
                  "apiVersion": "string",
                  "kind": "string",
                  "metadata": [
                    "object",
                    {
                      "annotations": [
                        "map",
                        "string"
                      ],
                      "creationTimestamp": "string",
                      "deletionGracePeriodSeconds": "number",
                      "deletionTimestamp": "string",
                      "finalizers": [
                        "list",
                        "string"
                      ],
                      "generateName": "string",
                      "generation": "number",
                      "labels": [
                        "map",
                        "string"
                      ],
                      "managedFields": [
                        "tuple",
                        [
                          [
                            "object",
                            {
                              "apiVersion": "string",
                              "fieldsType": "string",
                              "fieldsV1": "dynamic",
                              "manager": "string",
                              "operation": "string",
                              "subresource": "string",
                              "time": "string"
                            }
                          ]
                        ]
                      ],
                      "name": "string",
                      "namespace": "string",
                      "ownerReferences": [
                        "list",
                        [
                          "object",
                          {
                            "apiVersion": "string",
                            "blockOwnerDeletion": "bool",
                            "controller": "bool",
                            "kind": "string",
                            "name": "string",
                            "uid": "string"
                          }
                        ]
                      ],
                      "resourceVersion": "string",
                      "selfLink": "string",
                      "uid": "string"
                    }
                  ],
                  "operation": [
                    "object",
                    {
                      "info": [
                        "list",
                        [
                          "object",
                          {
                            "name": "string",
                            "value": "string"
                          }
                        ]
                      ],
                      "initiatedBy": [
                        "object",
                        {
                          "automated": "bool",
                          "username": "string"
                        }
                      ],
                      "retry": [
                        "object",
                        {
                          "backoff": [
                            "object",
                            {
                              "duration": "string",
                              "factor": "number",
                              "maxDuration": "string"
                            }
                          ],
                          "limit": "number"
                        }
                      ],
                      "sync": [
                        "object",
                        {
                          "autoHealAttemptsCount": "number",
                          "dryRun": "bool",
                          "manifests": [
                            "list",
                            "string"
                          ],
                          "prune": "bool",
                          "resources": [
                            "list",
                            [
                              "object",
                              {
                                "group": "string",
                                "kind": "string",
                                "name": "string",
                                "namespace": "string"
                              }
                            ]
                          ],
                          "revision": "string",
                          "revisions": [
                            "list",
                            "string"
                          ],
                          "source": [
                            "object",
                            {
                              "chart": "string",
                              "directory": [
                                "object",
                                {
                                  "exclude": "string",
                                  "include": "string",
                                  "jsonnet": [
                                    "object",
                                    {
                                      "extVars": [
                                        "list",
                                        [
                                          "object",
                                          {
                                            "code": "bool",
                                            "name": "string",
                                            "value": "string"
                                          }
                                        ]
                                      ],
                                      "libs": [
                                        "list",
                                        "string"
                                      ],
                                      "tlas": [
                                        "list",
                                        [
                                          "object",
                                          {
                                            "code": "bool",
                                            "name": "string",
                                            "value": "string"
                                          }
                                        ]
                                      ]
                                    }
                                  ],
                                  "recurse": "bool"
                                }
                              ],
                              "helm": [
                                "object",
                                {
                                  "apiVersions": [
                                    "list",
                                    "string"
                                  ],
                                  "fileParameters": [
                                    "list",
                                    [
                                      "object",
                                      {
                                        "name": "string",
                                        "path": "string"
                                      }
                                    ]
                                  ],
                                  "ignoreMissingValueFiles": "bool",
                                  "kubeVersion": "string",
                                  "namespace": "string",
                                  "parameters": [
                                    "list",
                                    [
                                      "object",
                                      {
                                        "forceString": "bool",
                                        "name": "string",
                                        "value": "string"
                                      }
                                    ]
                                  ],
                                  "passCredentials": "bool",
                                  "releaseName": "string",
                                  "skipCrds": "bool",
                                  "valueFiles": [
                                    "list",
                                    "string"
                                  ],
                                  "values": "string",
                                  "valuesObject": "dynamic",
                                  "version": "string"
                                }
                              ],
                              "kustomize": [
                                "object",
                                {
                                  "apiVersions": [
                                    "list",
                                    "string"
                                  ],
                                  "commonAnnotations": [
                                    "map",
                                    "string"
                                  ],
                                  "commonAnnotationsEnvsubst": "bool",
                                  "commonLabels": [
                                    "map",
                                    "string"
                                  ],
                                  "components": [
                                    "list",
                                    "string"
                                  ],
                                  "forceCommonAnnotations": "bool",
                                  "forceCommonLabels": "bool",
                                  "images": [
                                    "list",
                                    "string"
                                  ],
                                  "kubeVersion": "string",
                                  "labelWithoutSelector": "bool",
                                  "namePrefix": "string",
                                  "nameSuffix": "string",
                                  "namespace": "string",
                                  "patches": [
                                    "list",
                                    [
                                      "object",
                                      {
                                        "options": [
                                          "map",
                                          "bool"
                                        ],
                                        "patch": "string",
                                        "path": "string",
                                        "target": [
                                          "object",
                                          {
                                            "annotationSelector": "string",
                                            "group": "string",
                                            "kind": "string",
                                            "labelSelector": "string",
                                            "name": "string",
                                            "namespace": "string",
                                            "version": "string"
                                          }
                                        ]
                                      }
                                    ]
                                  ],
                                  "replicas": [
                                    "list",
                                    [
                                      "object",
                                      {
                                        "count": "string",
                                        "name": "string"
                                      }
                                    ]
                                  ],
                                  "version": "string"
                                }
                              ],
                              "path": "string",
                              "plugin": [
                                "object",
                                {
                                  "env": [
                                    "list",
                                    [
                                      "object",
                                      {
                                        "name": "string",
                                        "value": "string"
                                      }
                                    ]
                                  ],
                                  "name": "string",
                                  "parameters": [
                                    "list",
                                    [
                                      "object",
                                      {
                                        "array": [
                                          "list",
                                          "string"
                                        ],
                                        "map": [
                                          "map",
                                          "string"
                                        ],
                                        "name": "string",
                                        "string": "string"
                                      }
                                    ]
                                  ]
                                }
                              ],
                              "ref": "string",
                              "repoURL": "string",
                              "targetRevision": "string"
                            }
                          ],
                          "sources": [
                            "tuple",
                            [
                              [
                                "object",
                                {
                                  "chart": "string",
                                  "directory": [
                                    "object",
                                    {
                                      "exclude": "string",
                                      "include": "string",
                                      "jsonnet": [
                                        "object",
                                        {
                                          "extVars": [
                                            "list",
                                            [
                                              "object",
                                              {
                                                "code": "bool",
                                                "name": "string",
                                                "value": "string"
                                              }
                                            ]
                                          ],
                                          "libs": [
                                            "list",
                                            "string"
                                          ],
                                          "tlas": [
                                            "list",
                                            [
                                              "object",
                                              {
                                                "code": "bool",
                                                "name": "string",
                                                "value": "string"
                                              }
                                            ]
                                          ]
                                        }
                                      ],
                                      "recurse": "bool"
                                    }
                                  ],
                                  "helm": [
                                    "object",
                                    {
                                      "apiVersions": [
                                        "list",
                                        "string"
                                      ],
                                      "fileParameters": [
                                        "list",
                                        [
                                          "object",
                                          {
                                            "name": "string",
                                            "path": "string"
                                          }
                                        ]
                                      ],
                                      "ignoreMissingValueFiles": "bool",
                                      "kubeVersion": "string",
                                      "namespace": "string",
                                      "parameters": [
                                        "list",
                                        [
                                          "object",
                                          {
                                            "forceString": "bool",
                                            "name": "string",
                                            "value": "string"
                                          }
                                        ]
                                      ],
                                      "passCredentials": "bool",
                                      "releaseName": "string",
                                      "skipCrds": "bool",
                                      "valueFiles": [
                                        "list",
                                        "string"
                                      ],
                                      "values": "string",
                                      "valuesObject": "dynamic",
                                      "version": "string"
                                    }
                                  ],
                                  "kustomize": [
                                    "object",
                                    {
                                      "apiVersions": [
                                        "list",
                                        "string"
                                      ],
                                      "commonAnnotations": [
                                        "map",
                                        "string"
                                      ],
                                      "commonAnnotationsEnvsubst": "bool",
                                      "commonLabels": [
                                        "map",
                                        "string"
                                      ],
                                      "components": [
                                        "list",
                                        "string"
                                      ],
                                      "forceCommonAnnotations": "bool",
                                      "forceCommonLabels": "bool",
                                      "images": [
                                        "list",
                                        "string"
                                      ],
                                      "kubeVersion": "string",
                                      "labelWithoutSelector": "bool",
                                      "namePrefix": "string",
                                      "nameSuffix": "string",
                                      "namespace": "string",
                                      "patches": [
                                        "list",
                                        [
                                          "object",
                                          {
                                            "options": [
                                              "map",
                                              "bool"
                                            ],
                                            "patch": "string",
                                            "path": "string",
                                            "target": [
                                              "object",
                                              {
                                                "annotationSelector": "string",
                                                "group": "string",
                                                "kind": "string",
                                                "labelSelector": "string",
                                                "name": "string",
                                                "namespace": "string",
                                                "version": "string"
                                              }
                                            ]
                                          }
                                        ]
                                      ],
                                      "replicas": [
                                        "list",
                                        [
                                          "object",
                                          {
                                            "count": "string",
                                            "name": "string"
                                          }
                                        ]
                                      ],
                                      "version": "string"
                                    }
                                  ],
                                  "path": "string",
                                  "plugin": [
                                    "object",
                                    {
                                      "env": [
                                        "list",
                                        [
                                          "object",
                                          {
                                            "name": "string",
                                            "value": "string"
                                          }
                                        ]
                                      ],
                                      "name": "string",
                                      "parameters": [
                                        "list",
                                        [
                                          "object",
                                          {
                                            "array": [
                                              "list",
                                              "string"
                                            ],
                                            "map": [
                                              "map",
                                              "string"
                                            ],
                                            "name": "string",
                                            "string": "string"
                                          }
                                        ]
                                      ]
                                    }
                                  ],
                                  "ref": "string",
                                  "repoURL": "string",
                                  "targetRevision": "string"
                                }
                              ]
                            ]
                          ],
                          "syncOptions": [
                            "list",
                            "string"
                          ],
                          "syncStrategy": [
                            "object",
                            {
                              "apply": [
                                "object",
                                {
                                  "force": "bool"
                                }
                              ],
                              "hook": [
                                "object",
                                {
                                  "force": "bool"
                                }
                              ]
                            }
                          ]
                        }
                      ]
                    }
                  ],
                  "spec": [
                    "object",
                    {
                      "destination": [
                        "object",
                        {
                          "name": "string",
                          "namespace": "string",
                          "server": "string"
                        }
                      ],
                      "ignoreDifferences": [
                        "list",
                        [
                          "object",
                          {
                            "group": "string",
                            "jqPathExpressions": [
                              "list",
                              "string"
                            ],
                            "jsonPointers": [
                              "list",
                              "string"
                            ],
                            "kind": "string",
                            "managedFieldsManagers": [
                              "list",
                              "string"
                            ],
                            "name": "string",
                            "namespace": "string"
                          }
                        ]
                      ],
                      "info": [
                        "list",
                        [
                          "object",
                          {
                            "name": "string",
                            "value": "string"
                          }
                        ]
                      ],
                      "project": "string",
                      "revisionHistoryLimit": "number",
                      "source": [
                        "object",
                        {
                          "chart": "string",
                          "directory": [
                            "object",
                            {
                              "exclude": "string",
                              "include": "string",
                              "jsonnet": [
                                "object",
                                {
                                  "extVars": [
                                    "list",
                                    [
                                      "object",
                                      {
                                        "code": "bool",
                                        "name": "string",
                                        "value": "string"
                                      }
                                    ]
                                  ],
                                  "libs": [
                                    "list",
                                    "string"
                                  ],
                                  "tlas": [
                                    "list",
                                    [
                                      "object",
                                      {
                                        "code": "bool",
                                        "name": "string",
                                        "value": "string"
                                      }
                                    ]
                                  ]
                                }
                              ],
                              "recurse": "bool"
                            }
                          ],
                          "helm": [
                            "object",
                            {
                              "apiVersions": [
                                "list",
                                "string"
                              ],
                              "fileParameters": [
                                "list",
                                [
                                  "object",
                                  {
                                    "name": "string",
                                    "path": "string"
                                  }
                                ]
                              ],
                              "ignoreMissingValueFiles": "bool",
                              "kubeVersion": "string",
                              "namespace": "string",
                              "parameters": [
                                "list",
                                [
                                  "object",
                                  {
                                    "forceString": "bool",
                                    "name": "string",
                                    "value": "string"
                                  }
                                ]
                              ],
                              "passCredentials": "bool",
                              "releaseName": "string",
                              "skipCrds": "bool",
                              "valueFiles": [
                                "list",
                                "string"
                              ],
                              "values": "string",
                              "valuesObject": "dynamic",
                              "version": "string"
                            }
                          ],
                          "kustomize": [
                            "object",
                            {
                              "apiVersions": [
                                "list",
                                "string"
                              ],
                              "commonAnnotations": [
                                "map",
                                "string"
                              ],
                              "commonAnnotationsEnvsubst": "bool",
                              "commonLabels": [
                                "map",
                                "string"
                              ],
                              "components": [
                                "list",
                                "string"
                              ],
                              "forceCommonAnnotations": "bool",
                              "forceCommonLabels": "bool",
                              "images": [
                                "list",
                                "string"
                              ],
                              "kubeVersion": "string",
                              "labelWithoutSelector": "bool",
                              "namePrefix": "string",
                              "nameSuffix": "string",
                              "namespace": "string",
                              "patches": [
                                "list",
                                [
                                  "object",
                                  {
                                    "options": [
                                      "map",
                                      "bool"
                                    ],
                                    "patch": "string",
                                    "path": "string",
                                    "target": [
                                      "object",
                                      {
                                        "annotationSelector": "string",
                                        "group": "string",
                                        "kind": "string",
                                        "labelSelector": "string",
                                        "name": "string",
                                        "namespace": "string",
                                        "version": "string"
                                      }
                                    ]
                                  }
                                ]
                              ],
                              "replicas": [
                                "list",
                                [
                                  "object",
                                  {
                                    "count": "string",
                                    "name": "string"
                                  }
                                ]
                              ],
                              "version": "string"
                            }
                          ],
                          "path": "string",
                          "plugin": [
                            "object",
                            {
                              "env": [
                                "list",
                                [
                                  "object",
                                  {
                                    "name": "string",
                                    "value": "string"
                                  }
                                ]
                              ],
                              "name": "string",
                              "parameters": [
                                "list",
                                [
                                  "object",
                                  {
                                    "array": [
                                      "list",
                                      "string"
                                    ],
                                    "map": [
                                      "map",
                                      "string"
                                    ],
                                    "name": "string",
                                    "string": "string"
                                  }
                                ]
                              ]
                            }
                          ],
                          "ref": "string",
                          "repoURL": "string",
                          "targetRevision": "string"
                        }
                      ],
                      "sources": [
                        "tuple",
                        [
                          [
                            "object",
                            {
                              "chart": "string",
                              "directory": [
                                "object",
                                {
                                  "exclude": "string",
                                  "include": "string",
                                  "jsonnet": [
                                    "object",
                                    {
                                      "extVars": [
                                        "list",
                                        [
                                          "object",
                                          {
                                            "code": "bool",
                                            "name": "string",
                                            "value": "string"
                                          }
                                        ]
                                      ],
                                      "libs": [
                                        "list",
                                        "string"
                                      ],
                                      "tlas": [
                                        "list",
                                        [
                                          "object",
                                          {
                                            "code": "bool",
                                            "name": "string",
                                            "value": "string"
                                          }
                                        ]
                                      ]
                                    }
                                  ],
                                  "recurse": "bool"
                                }
                              ],
                              "helm": [
                                "object",
                                {
                                  "apiVersions": [
                                    "list",
                                    "string"
                                  ],
                                  "fileParameters": [
                                    "list",
                                    [
                                      "object",
                                      {
                                        "name": "string",
                                        "path": "string"
                                      }
                                    ]
                                  ],
                                  "ignoreMissingValueFiles": "bool",
                                  "kubeVersion": "string",
                                  "namespace": "string",
                                  "parameters": [
                                    "list",
                                    [
                                      "object",
                                      {
                                        "forceString": "bool",
                                        "name": "string",
                                        "value": "string"
                                      }
                                    ]
                                  ],
                                  "passCredentials": "bool",
                                  "releaseName": "string",
                                  "skipCrds": "bool",
                                  "valueFiles": [
                                    "list",
                                    "string"
                                  ],
                                  "values": "string",
                                  "valuesObject": "dynamic",
                                  "version": "string"
                                }
                              ],
                              "kustomize": [
                                "object",
                                {
                                  "apiVersions": [
                                    "list",
                                    "string"
                                  ],
                                  "commonAnnotations": [
                                    "map",
                                    "string"
                                  ],
                                  "commonAnnotationsEnvsubst": "bool",
                                  "commonLabels": [
                                    "map",
                                    "string"
                                  ],
                                  "components": [
                                    "list",
                                    "string"
                                  ],
                                  "forceCommonAnnotations": "bool",
                                  "forceCommonLabels": "bool",
                                  "images": [
                                    "list",
                                    "string"
                                  ],
                                  "kubeVersion": "string",
                                  "labelWithoutSelector": "bool",
                                  "namePrefix": "string",
                                  "nameSuffix": "string",
                                  "namespace": "string",
                                  "patches": [
                                    "list",
                                    [
                                      "object",
                                      {
                                        "options": [
                                          "map",
                                          "bool"
                                        ],
                                        "patch": "string",
                                        "path": "string",
                                        "target": [
                                          "object",
                                          {
                                            "annotationSelector": "string",
                                            "group": "string",
                                            "kind": "string",
                                            "labelSelector": "string",
                                            "name": "string",
                                            "namespace": "string",
                                            "version": "string"
                                          }
                                        ]
                                      }
                                    ]
                                  ],
                                  "replicas": [
                                    "list",
                                    [
                                      "object",
                                      {
                                        "count": "string",
                                        "name": "string"
                                      }
                                    ]
                                  ],
                                  "version": "string"
                                }
                              ],
                              "path": "string",
                              "plugin": [
                                "object",
                                {
                                  "env": [
                                    "list",
                                    [
                                      "object",
                                      {
                                        "name": "string",
                                        "value": "string"
                                      }
                                    ]
                                  ],
                                  "name": "string",
                                  "parameters": [
                                    "list",
                                    [
                                      "object",
                                      {
                                        "array": [
                                          "list",
                                          "string"
                                        ],
                                        "map": [
                                          "map",
                                          "string"
                                        ],
                                        "name": "string",
                                        "string": "string"
                                      }
                                    ]
                                  ]
                                }
                              ],
                              "ref": "string",
                              "repoURL": "string",
                              "targetRevision": "string"
                            }
                          ]
                        ]
                      ],
                      "syncPolicy": [
                        "object",
                        {
                          "automated": [
                            "object",
                            {
                              "allowEmpty": "bool",
                              "prune": "bool",
                              "selfHeal": "bool"
                            }
                          ],
                          "managedNamespaceMetadata": [
                            "object",
                            {
                              "annotations": [
                                "map",
                                "string"
                              ],
                              "labels": [
                                "map",
                                "string"
                              ]
                            }
                          ],
                          "retry": [
                            "object",
                            {
                              "backoff": [
                                "object",
                                {
                                  "duration": "string",
                                  "factor": "number",
                                  "maxDuration": "string"
                                }
                              ],
                              "limit": "number"
                            }
                          ],
                          "syncOptions": [
                            "list",
                            "string"
                          ]
                        }
                      ]
                    }
                  ]
                }
              ]
            },
            "timeouts": [],
            "wait": [],
            "wait_for": null
          },
          "sensitive_attributes": [],
          "dependencies": [
            "kubernetes_namespace.flask_app"
          ]
        }
      ]
    },
    {
      "mode": "managed",
      "type": "kubernetes_manifest",
      "name": "argocd_metrics",
      "provider": "provider[\"registry.terraform.io/hashicorp/kubernetes\"]",
      "instances": [
        {
          "schema_version": 1,
          "attributes": {
            "computed_fields": null,
            "field_manager": [],
            "manifest": {
              "value": {
                "apiVersion": "monitoring.coreos.com/v1",
                "kind": "ServiceMonitor",
                "metadata": {
                  "labels": {
                    "release": "prometheus-operator"
                  },
                  "name": "argocd-metrics",
                  "namespace": "argocd-app"
                },
                "spec": {
                  "endpoints": [
                    {
                      "port": "metrics"
                    }
                  ],
                  "namespaceSelector": {
                    "any": true
                  },
                  "selector": {
                    "matchLabels": {
                      "app.kubernetes.io/name": "argocd-metrics"
                    }
                  }
                }
              },
              "type": [
                "object",
                {
                  "apiVersion": "string",
                  "kind": "string",
                  "metadata": [
                    "object",
                    {
                      "labels": [
                        "object",
                        {
                          "release": "string"
                        }
                      ],
                      "name": "string",
                      "namespace": "string"
                    }
                  ],
                  "spec": [
                    "object",
                    {
                      "endpoints": [
                        "tuple",
                        [
                          [
                            "object",
                            {
                              "port": "string"
                            }
                          ]
                        ]
                      ],
                      "namespaceSelector": [
                        "object",
                        {
                          "any": "bool"
                        }
                      ],
                      "selector": [
                        "object",
                        {
                          "matchLabels": [
                            "object",
                            {
                              "app.kubernetes.io/name": "string"
                            }
                          ]
                        }
                      ]
                    }
                  ]
                }
              ]
            },
            "object": {
              "value": {
                "apiVersion": "monitoring.coreos.com/v1",
                "kind": "ServiceMonitor",
                "metadata": {
                  "annotations": null,
                  "creationTimestamp": null,
                  "deletionGracePeriodSeconds": null,
                  "deletionTimestamp": null,
                  "finalizers": null,
                  "generateName": null,
                  "generation": null,
                  "labels": {
                    "release": "prometheus-operator"
                  },
                  "managedFields": null,
                  "name": "argocd-metrics",
                  "namespace": "argocd-app",
                  "ownerReferences": null,
                  "resourceVersion": null,
                  "selfLink": null,
                  "uid": null
                },
                "spec": {
                  "attachMetadata": {
                    "node": null
                  },
                  "bodySizeLimit": null,
                  "endpoints": [
                    {
                      "authorization": {
                        "credentials": {
                          "key": null,
                          "name": null,
                          "optional": null
                        },
                        "type": null
                      },
                      "basicAuth": {
                        "password": {
                          "key": null,
                          "name": null,
                          "optional": null
                        },
                        "username": {
                          "key": null,
                          "name": null,
                          "optional": null
                        }
                      },
                      "bearerTokenFile": null,
                      "bearerTokenSecret": {
                        "key": null,
                        "name": null,
                        "optional": null
                      },
                      "enableHttp2": null,
                      "filterRunning": null,
                      "followRedirects": null,
                      "honorLabels": null,
                      "honorTimestamps": null,
                      "interval": null,
                      "metricRelabelings": null,
                      "oauth2": {
                        "clientId": {
                          "configMap": {
                            "key": null,
                            "name": null,
                            "optional": null
                          },
                          "secret": {
                            "key": null,
                            "name": null,
                            "optional": null
                          }
                        },
                        "clientSecret": {
                          "key": null,
                          "name": null,
                          "optional": null
                        },
                        "endpointParams": null,
                        "noProxy": null,
                        "proxyConnectHeader": null,
                        "proxyFromEnvironment": null,
                        "proxyUrl": null,
                        "scopes": null,
                        "tlsConfig": {
                          "ca": {
                            "configMap": {
                              "key": null,
                              "name": null,
                              "optional": null
                            },
                            "secret": {
                              "key": null,
                              "name": null,
                              "optional": null
                            }
                          },
                          "cert": {
                            "configMap": {
                              "key": null,
                              "name": null,
                              "optional": null
                            },
                            "secret": {
                              "key": null,
                              "name": null,
                              "optional": null
                            }
                          },
                          "insecureSkipVerify": null,
                          "keySecret": {
                            "key": null,
                            "name": null,
                            "optional": null
                          },
                          "maxVersion": null,
                          "minVersion": null,
                          "serverName": null
                        },
                        "tokenUrl": null
                      },
                      "params": null,
                      "path": null,
                      "port": "metrics",
                      "proxyUrl": null,
                      "relabelings": null,
                      "scheme": null,
                      "scrapeTimeout": null,
                      "targetPort": null,
                      "tlsConfig": {
                        "ca": {
                          "configMap": {
                            "key": null,
                            "name": null,
                            "optional": null
                          },
                          "secret": {
                            "key": null,
                            "name": null,
                            "optional": null
                          }
                        },
                        "caFile": null,
                        "cert": {
                          "configMap": {
                            "key": null,
                            "name": null,
                            "optional": null
                          },
                          "secret": {
                            "key": null,
                            "name": null,
                            "optional": null
                          }
                        },
                        "certFile": null,
                        "insecureSkipVerify": null,
                        "keyFile": null,
                        "keySecret": {
                          "key": null,
                          "name": null,
                          "optional": null
                        },
                        "maxVersion": null,
                        "minVersion": null,
                        "serverName": null
                      },
                      "trackTimestampsStaleness": null
                    }
                  ],
                  "fallbackScrapeProtocol": null,
                  "jobLabel": null,
                  "keepDroppedTargets": null,
                  "labelLimit": null,
                  "labelNameLengthLimit": null,
                  "labelValueLengthLimit": null,
                  "namespaceSelector": {
                    "any": true,
                    "matchNames": null
                  },
                  "nativeHistogramBucketLimit": null,
                  "nativeHistogramMinBucketFactor": null,
                  "podTargetLabels": null,
                  "sampleLimit": null,
                  "scrapeClass": null,
                  "scrapeClassicHistograms": null,
                  "scrapeProtocols": null,
                  "selector": {
                    "matchExpressions": null,
                    "matchLabels": {
                      "app.kubernetes.io/name": "argocd-metrics"
                    }
                  },
                  "selectorMechanism": null,
                  "targetLabels": null,
                  "targetLimit": null
                }
              },
              "type": [
                "object",
                {
                  "apiVersion": "string",
                  "kind": "string",
                  "metadata": [
                    "object",
                    {
                      "annotations": [
                        "map",
                        "string"
                      ],
                      "creationTimestamp": "string",
                      "deletionGracePeriodSeconds": "number",
                      "deletionTimestamp": "string",
                      "finalizers": [
                        "list",
                        "string"
                      ],
                      "generateName": "string",
                      "generation": "number",
                      "labels": [
                        "map",
                        "string"
                      ],
                      "managedFields": [
                        "tuple",
                        [
                          [
                            "object",
                            {
                              "apiVersion": "string",
                              "fieldsType": "string",
                              "fieldsV1": "dynamic",
                              "manager": "string",
                              "operation": "string",
                              "subresource": "string",
                              "time": "string"
                            }
                          ]
                        ]
                      ],
                      "name": "string",
                      "namespace": "string",
                      "ownerReferences": [
                        "list",
                        [
                          "object",
                          {
                            "apiVersion": "string",
                            "blockOwnerDeletion": "bool",
                            "controller": "bool",
                            "kind": "string",
                            "name": "string",
                            "uid": "string"
                          }
                        ]
                      ],
                      "resourceVersion": "string",
                      "selfLink": "string",
                      "uid": "string"
                    }
                  ],
                  "spec": [
                    "object",
                    {
                      "attachMetadata": [
                        "object",
                        {
                          "node": "bool"
                        }
                      ],
                      "bodySizeLimit": "string",
                      "endpoints": [
                        "list",
                        [
                          "object",
                          {
                            "authorization": [
                              "object",
                              {
                                "credentials": [
                                  "object",
                                  {
                                    "key": "string",
                                    "name": "string",
                                    "optional": "bool"
                                  }
                                ],
                                "type": "string"
                              }
                            ],
                            "basicAuth": [
                              "object",
                              {
                                "password": [
                                  "object",
                                  {
                                    "key": "string",
                                    "name": "string",
                                    "optional": "bool"
                                  }
                                ],
                                "username": [
                                  "object",
                                  {
                                    "key": "string",
                                    "name": "string",
                                    "optional": "bool"
                                  }
                                ]
                              }
                            ],
                            "bearerTokenFile": "string",
                            "bearerTokenSecret": [
                              "object",
                              {
                                "key": "string",
                                "name": "string",
                                "optional": "bool"
                              }
                            ],
                            "enableHttp2": "bool",
                            "filterRunning": "bool",
                            "followRedirects": "bool",
                            "honorLabels": "bool",
                            "honorTimestamps": "bool",
                            "interval": "string",
                            "metricRelabelings": [
                              "list",
                              [
                                "object",
                                {
                                  "action": "string",
                                  "modulus": "number",
                                  "regex": "string",
                                  "replacement": "string",
                                  "separator": "string",
                                  "sourceLabels": [
                                    "list",
                                    "string"
                                  ],
                                  "targetLabel": "string"
                                }
                              ]
                            ],
                            "oauth2": [
                              "object",
                              {
                                "clientId": [
                                  "object",
                                  {
                                    "configMap": [
                                      "object",
                                      {
                                        "key": "string",
                                        "name": "string",
                                        "optional": "bool"
                                      }
                                    ],
                                    "secret": [
                                      "object",
                                      {
                                        "key": "string",
                                        "name": "string",
                                        "optional": "bool"
                                      }
                                    ]
                                  }
                                ],
                                "clientSecret": [
                                  "object",
                                  {
                                    "key": "string",
                                    "name": "string",
                                    "optional": "bool"
                                  }
                                ],
                                "endpointParams": [
                                  "map",
                                  "string"
                                ],
                                "noProxy": "string",
                                "proxyConnectHeader": [
                                  "map",
                                  [
                                    "list",
                                    [
                                      "object",
                                      {
                                        "key": "string",
                                        "name": "string",
                                        "optional": "bool"
                                      }
                                    ]
                                  ]
                                ],
                                "proxyFromEnvironment": "bool",
                                "proxyUrl": "string",
                                "scopes": [
                                  "list",
                                  "string"
                                ],
                                "tlsConfig": [
                                  "object",
                                  {
                                    "ca": [
                                      "object",
                                      {
                                        "configMap": [
                                          "object",
                                          {
                                            "key": "string",
                                            "name": "string",
                                            "optional": "bool"
                                          }
                                        ],
                                        "secret": [
                                          "object",
                                          {
                                            "key": "string",
                                            "name": "string",
                                            "optional": "bool"
                                          }
                                        ]
                                      }
                                    ],
                                    "cert": [
                                      "object",
                                      {
                                        "configMap": [
                                          "object",
                                          {
                                            "key": "string",
                                            "name": "string",
                                            "optional": "bool"
                                          }
                                        ],
                                        "secret": [
                                          "object",
                                          {
                                            "key": "string",
                                            "name": "string",
                                            "optional": "bool"
                                          }
                                        ]
                                      }
                                    ],
                                    "insecureSkipVerify": "bool",
                                    "keySecret": [
                                      "object",
                                      {
                                        "key": "string",
                                        "name": "string",
                                        "optional": "bool"
                                      }
                                    ],
                                    "maxVersion": "string",
                                    "minVersion": "string",
                                    "serverName": "string"
                                  }
                                ],
                                "tokenUrl": "string"
                              }
                            ],
                            "params": [
                              "map",
                              [
                                "list",
                                "string"
                              ]
                            ],
                            "path": "string",
                            "port": "string",
                            "proxyUrl": "string",
                            "relabelings": [
                              "list",
                              [
                                "object",
                                {
                                  "action": "string",
                                  "modulus": "number",
                                  "regex": "string",
                                  "replacement": "string",
                                  "separator": "string",
                                  "sourceLabels": [
                                    "list",
                                    "string"
                                  ],
                                  "targetLabel": "string"
                                }
                              ]
                            ],
                            "scheme": "string",
                            "scrapeTimeout": "string",
                            "targetPort": "string",
                            "tlsConfig": [
                              "object",
                              {
                                "ca": [
                                  "object",
                                  {
                                    "configMap": [
                                      "object",
                                      {
                                        "key": "string",
                                        "name": "string",
                                        "optional": "bool"
                                      }
                                    ],
                                    "secret": [
                                      "object",
                                      {
                                        "key": "string",
                                        "name": "string",
                                        "optional": "bool"
                                      }
                                    ]
                                  }
                                ],
                                "caFile": "string",
                                "cert": [
                                  "object",
                                  {
                                    "configMap": [
                                      "object",
                                      {
                                        "key": "string",
                                        "name": "string",
                                        "optional": "bool"
                                      }
                                    ],
                                    "secret": [
                                      "object",
                                      {
                                        "key": "string",
                                        "name": "string",
                                        "optional": "bool"
                                      }
                                    ]
                                  }
                                ],
                                "certFile": "string",
                                "insecureSkipVerify": "bool",
                                "keyFile": "string",
                                "keySecret": [
                                  "object",
                                  {
                                    "key": "string",
                                    "name": "string",
                                    "optional": "bool"
                                  }
                                ],
                                "maxVersion": "string",
                                "minVersion": "string",
                                "serverName": "string"
                              }
                            ],
                            "trackTimestampsStaleness": "bool"
                          }
                        ]
                      ],
                      "fallbackScrapeProtocol": "string",
                      "jobLabel": "string",
                      "keepDroppedTargets": "number",
                      "labelLimit": "number",
                      "labelNameLengthLimit": "number",
                      "labelValueLengthLimit": "number",
                      "namespaceSelector": [
                        "object",
                        {
                          "any": "bool",
                          "matchNames": [
                            "list",
                            "string"
                          ]
                        }
                      ],
                      "nativeHistogramBucketLimit": "number",
                      "nativeHistogramMinBucketFactor": "string",
                      "podTargetLabels": [
                        "list",
                        "string"
                      ],
                      "sampleLimit": "number",
                      "scrapeClass": "string",
                      "scrapeClassicHistograms": "bool",
                      "scrapeProtocols": [
                        "list",
                        "string"
                      ],
                      "selector": [
                        "object",
                        {
                          "matchExpressions": [
                            "list",
                            [
                              "object",
                              {
                                "key": "string",
                                "operator": "string",
                                "values": [
                                  "list",
                                  "string"
                                ]
                              }
                            ]
                          ],
                          "matchLabels": [
                            "map",
                            "string"
                          ]
                        }
                      ],
                      "selectorMechanism": "string",
                      "targetLabels": [
                        "list",
                        "string"
                      ],
                      "targetLimit": "number"
                    }
                  ]
                }
              ]
            },
            "timeouts": [],
            "wait": [],
            "wait_for": null
          },
          "sensitive_attributes": []
        }
      ]
    },
    {
      "mode": "managed",
      "type": "kubernetes_manifest",
      "name": "argocd_repo_server_metrics",
      "provider": "provider[\"registry.terraform.io/hashicorp/kubernetes\"]",
      "instances": [
        {
          "schema_version": 1,
          "attributes": {
            "computed_fields": null,
            "field_manager": [],
            "manifest": {
              "value": {
                "apiVersion": "monitoring.coreos.com/v1",
                "kind": "ServiceMonitor",
                "metadata": {
                  "labels": {
                    "release": "prometheus-operator"
                  },
                  "name": "argocd-repo-server-metrics",
                  "namespace": "argocd-app"
                },
                "spec": {
                  "endpoints": [
                    {
                      "port": "metrics"
                    }
                  ],
                  "namespaceSelector": {
                    "any": true
                  },
                  "selector": {
                    "matchLabels": {
                      "app.kubernetes.io/name": "argocd-repo-server"
                    }
                  }
                }
              },
              "type": [
                "object",
                {
                  "apiVersion": "string",
                  "kind": "string",
                  "metadata": [
                    "object",
                    {
                      "labels": [
                        "object",
                        {
                          "release": "string"
                        }
                      ],
                      "name": "string",
                      "namespace": "string"
                    }
                  ],
                  "spec": [
                    "object",
                    {
                      "endpoints": [
                        "tuple",
                        [
                          [
                            "object",
                            {
                              "port": "string"
                            }
                          ]
                        ]
                      ],
                      "namespaceSelector": [
                        "object",
                        {
                          "any": "bool"
                        }
                      ],
                      "selector": [
                        "object",
                        {
                          "matchLabels": [
                            "object",
                            {
                              "app.kubernetes.io/name": "string"
                            }
                          ]
                        }
                      ]
                    }
                  ]
                }
              ]
            },
            "object": {
              "value": {
                "apiVersion": "monitoring.coreos.com/v1",
                "kind": "ServiceMonitor",
                "metadata": {
                  "annotations": null,
                  "creationTimestamp": null,
                  "deletionGracePeriodSeconds": null,
                  "deletionTimestamp": null,
                  "finalizers": null,
                  "generateName": null,
                  "generation": null,
                  "labels": {
                    "release": "prometheus-operator"
                  },
                  "managedFields": null,
                  "name": "argocd-repo-server-metrics",
                  "namespace": "argocd-app",
                  "ownerReferences": null,
                  "resourceVersion": null,
                  "selfLink": null,
                  "uid": null
                },
                "spec": {
                  "attachMetadata": {
                    "node": null
                  },
                  "bodySizeLimit": null,
                  "endpoints": [
                    {
                      "authorization": {
                        "credentials": {
                          "key": null,
                          "name": null,
                          "optional": null
                        },
                        "type": null
                      },
                      "basicAuth": {
                        "password": {
                          "key": null,
                          "name": null,
                          "optional": null
                        },
                        "username": {
                          "key": null,
                          "name": null,
                          "optional": null
                        }
                      },
                      "bearerTokenFile": null,
                      "bearerTokenSecret": {
                        "key": null,
                        "name": null,
                        "optional": null
                      },
                      "enableHttp2": null,
                      "filterRunning": null,
                      "followRedirects": null,
                      "honorLabels": null,
                      "honorTimestamps": null,
                      "interval": null,
                      "metricRelabelings": null,
                      "oauth2": {
                        "clientId": {
                          "configMap": {
                            "key": null,
                            "name": null,
                            "optional": null
                          },
                          "secret": {
                            "key": null,
                            "name": null,
                            "optional": null
                          }
                        },
                        "clientSecret": {
                          "key": null,
                          "name": null,
                          "optional": null
                        },
                        "endpointParams": null,
                        "noProxy": null,
                        "proxyConnectHeader": null,
                        "proxyFromEnvironment": null,
                        "proxyUrl": null,
                        "scopes": null,
                        "tlsConfig": {
                          "ca": {
                            "configMap": {
                              "key": null,
                              "name": null,
                              "optional": null
                            },
                            "secret": {
                              "key": null,
                              "name": null,
                              "optional": null
                            }
                          },
                          "cert": {
                            "configMap": {
                              "key": null,
                              "name": null,
                              "optional": null
                            },
                            "secret": {
                              "key": null,
                              "name": null,
                              "optional": null
                            }
                          },
                          "insecureSkipVerify": null,
                          "keySecret": {
                            "key": null,
                            "name": null,
                            "optional": null
                          },
                          "maxVersion": null,
                          "minVersion": null,
                          "serverName": null
                        },
                        "tokenUrl": null
                      },
                      "params": null,
                      "path": null,
                      "port": "metrics",
                      "proxyUrl": null,
                      "relabelings": null,
                      "scheme": null,
                      "scrapeTimeout": null,
                      "targetPort": null,
                      "tlsConfig": {
                        "ca": {
                          "configMap": {
                            "key": null,
                            "name": null,
                            "optional": null
                          },
                          "secret": {
                            "key": null,
                            "name": null,
                            "optional": null
                          }
                        },
                        "caFile": null,
                        "cert": {
                          "configMap": {
                            "key": null,
                            "name": null,
                            "optional": null
                          },
                          "secret": {
                            "key": null,
                            "name": null,
                            "optional": null
                          }
                        },
                        "certFile": null,
                        "insecureSkipVerify": null,
                        "keyFile": null,
                        "keySecret": {
                          "key": null,
                          "name": null,
                          "optional": null
                        },
                        "maxVersion": null,
                        "minVersion": null,
                        "serverName": null
                      },
                      "trackTimestampsStaleness": null
                    }
                  ],
                  "fallbackScrapeProtocol": null,
                  "jobLabel": null,
                  "keepDroppedTargets": null,
                  "labelLimit": null,
                  "labelNameLengthLimit": null,
                  "labelValueLengthLimit": null,
                  "namespaceSelector": {
                    "any": true,
                    "matchNames": null
                  },
                  "nativeHistogramBucketLimit": null,
                  "nativeHistogramMinBucketFactor": null,
                  "podTargetLabels": null,
                  "sampleLimit": null,
                  "scrapeClass": null,
                  "scrapeClassicHistograms": null,
                  "scrapeProtocols": null,
                  "selector": {
                    "matchExpressions": null,
                    "matchLabels": {
                      "app.kubernetes.io/name": "argocd-repo-server"
                    }
                  },
                  "selectorMechanism": null,
                  "targetLabels": null,
                  "targetLimit": null
                }
              },
              "type": [
                "object",
                {
                  "apiVersion": "string",
                  "kind": "string",
                  "metadata": [
                    "object",
                    {
                      "annotations": [
                        "map",
                        "string"
                      ],
                      "creationTimestamp": "string",
                      "deletionGracePeriodSeconds": "number",
                      "deletionTimestamp": "string",
                      "finalizers": [
                        "list",
                        "string"
                      ],
                      "generateName": "string",
                      "generation": "number",
                      "labels": [
                        "map",
                        "string"
                      ],
                      "managedFields": [
                        "tuple",
                        [
                          [
                            "object",
                            {
                              "apiVersion": "string",
                              "fieldsType": "string",
                              "fieldsV1": "dynamic",
                              "manager": "string",
                              "operation": "string",
                              "subresource": "string",
                              "time": "string"
                            }
                          ]
                        ]
                      ],
                      "name": "string",
                      "namespace": "string",
                      "ownerReferences": [
                        "list",
                        [
                          "object",
                          {
                            "apiVersion": "string",
                            "blockOwnerDeletion": "bool",
                            "controller": "bool",
                            "kind": "string",
                            "name": "string",
                            "uid": "string"
                          }
                        ]
                      ],
                      "resourceVersion": "string",
                      "selfLink": "string",
                      "uid": "string"
                    }
                  ],
                  "spec": [
                    "object",
                    {
                      "attachMetadata": [
                        "object",
                        {
                          "node": "bool"
                        }
                      ],
                      "bodySizeLimit": "string",
                      "endpoints": [
                        "list",
                        [
                          "object",
                          {
                            "authorization": [
                              "object",
                              {
                                "credentials": [
                                  "object",
                                  {
                                    "key": "string",
                                    "name": "string",
                                    "optional": "bool"
                                  }
                                ],
                                "type": "string"
                              }
                            ],
                            "basicAuth": [
                              "object",
                              {
                                "password": [
                                  "object",
                                  {
                                    "key": "string",
                                    "name": "string",
                                    "optional": "bool"
                                  }
                                ],
                                "username": [
                                  "object",
                                  {
                                    "key": "string",
                                    "name": "string",
                                    "optional": "bool"
                                  }
                                ]
                              }
                            ],
                            "bearerTokenFile": "string",
                            "bearerTokenSecret": [
                              "object",
                              {
                                "key": "string",
                                "name": "string",
                                "optional": "bool"
                              }
                            ],
                            "enableHttp2": "bool",
                            "filterRunning": "bool",
                            "followRedirects": "bool",
                            "honorLabels": "bool",
                            "honorTimestamps": "bool",
                            "interval": "string",
                            "metricRelabelings": [
                              "list",
                              [
                                "object",
                                {
                                  "action": "string",
                                  "modulus": "number",
                                  "regex": "string",
                                  "replacement": "string",
                                  "separator": "string",
                                  "sourceLabels": [
                                    "list",
                                    "string"
                                  ],
                                  "targetLabel": "string"
                                }
                              ]
                            ],
                            "oauth2": [
                              "object",
                              {
                                "clientId": [
                                  "object",
                                  {
                                    "configMap": [
                                      "object",
                                      {
                                        "key": "string",
                                        "name": "string",
                                        "optional": "bool"
                                      }
                                    ],
                                    "secret": [
                                      "object",
                                      {
                                        "key": "string",
                                        "name": "string",
                                        "optional": "bool"
                                      }
                                    ]
                                  }
                                ],
                                "clientSecret": [
                                  "object",
                                  {
                                    "key": "string",
                                    "name": "string",
                                    "optional": "bool"
                                  }
                                ],
                                "endpointParams": [
                                  "map",
                                  "string"
                                ],
                                "noProxy": "string",
                                "proxyConnectHeader": [
                                  "map",
                                  [
                                    "list",
                                    [
                                      "object",
                                      {
                                        "key": "string",
                                        "name": "string",
                                        "optional": "bool"
                                      }
                                    ]
                                  ]
                                ],
                                "proxyFromEnvironment": "bool",
                                "proxyUrl": "string",
                                "scopes": [
                                  "list",
                                  "string"
                                ],
                                "tlsConfig": [
                                  "object",
                                  {
                                    "ca": [
                                      "object",
                                      {
                                        "configMap": [
                                          "object",
                                          {
                                            "key": "string",
                                            "name": "string",
                                            "optional": "bool"
                                          }
                                        ],
                                        "secret": [
                                          "object",
                                          {
                                            "key": "string",
                                            "name": "string",
                                            "optional": "bool"
                                          }
                                        ]
                                      }
                                    ],
                                    "cert": [
                                      "object",
                                      {
                                        "configMap": [
                                          "object",
                                          {
                                            "key": "string",
                                            "name": "string",
                                            "optional": "bool"
                                          }
                                        ],
                                        "secret": [
                                          "object",
                                          {
                                            "key": "string",
                                            "name": "string",
                                            "optional": "bool"
                                          }
                                        ]
                                      }
                                    ],
                                    "insecureSkipVerify": "bool",
                                    "keySecret": [
                                      "object",
                                      {
                                        "key": "string",
                                        "name": "string",
                                        "optional": "bool"
                                      }
                                    ],
                                    "maxVersion": "string",
                                    "minVersion": "string",
                                    "serverName": "string"
                                  }
                                ],
                                "tokenUrl": "string"
                              }
                            ],
                            "params": [
                              "map",
                              [
                                "list",
                                "string"
                              ]
                            ],
                            "path": "string",
                            "port": "string",
                            "proxyUrl": "string",
                            "relabelings": [
                              "list",
                              [
                                "object",
                                {
                                  "action": "string",
                                  "modulus": "number",
                                  "regex": "string",
                                  "replacement": "string",
                                  "separator": "string",
                                  "sourceLabels": [
                                    "list",
                                    "string"
                                  ],
                                  "targetLabel": "string"
                                }
                              ]
                            ],
                            "scheme": "string",
                            "scrapeTimeout": "string",
                            "targetPort": "string",
                            "tlsConfig": [
                              "object",
                              {
                                "ca": [
                                  "object",
                                  {
                                    "configMap": [
                                      "object",
                                      {
                                        "key": "string",
                                        "name": "string",
                                        "optional": "bool"
                                      }
                                    ],
                                    "secret": [
                                      "object",
                                      {
                                        "key": "string",
                                        "name": "string",
                                        "optional": "bool"
                                      }
                                    ]
                                  }
                                ],
                                "caFile": "string",
                                "cert": [
                                  "object",
                                  {
                                    "configMap": [
                                      "object",
                                      {
                                        "key": "string",
                                        "name": "string",
                                        "optional": "bool"
                                      }
                                    ],
                                    "secret": [
                                      "object",
                                      {
                                        "key": "string",
                                        "name": "string",
                                        "optional": "bool"
                                      }
                                    ]
                                  }
                                ],
                                "certFile": "string",
                                "insecureSkipVerify": "bool",
                                "keyFile": "string",
                                "keySecret": [
                                  "object",
                                  {
                                    "key": "string",
                                    "name": "string",
                                    "optional": "bool"
                                  }
                                ],
                                "maxVersion": "string",
                                "minVersion": "string",
                                "serverName": "string"
                              }
                            ],
                            "trackTimestampsStaleness": "bool"
                          }
                        ]
                      ],
                      "fallbackScrapeProtocol": "string",
                      "jobLabel": "string",
                      "keepDroppedTargets": "number",
                      "labelLimit": "number",
                      "labelNameLengthLimit": "number",
                      "labelValueLengthLimit": "number",
                      "namespaceSelector": [
                        "object",
                        {
                          "any": "bool",
                          "matchNames": [
                            "list",
                            "string"
                          ]
                        }
                      ],
                      "nativeHistogramBucketLimit": "number",
                      "nativeHistogramMinBucketFactor": "string",
                      "podTargetLabels": [
                        "list",
                        "string"
                      ],
                      "sampleLimit": "number",
                      "scrapeClass": "string",
                      "scrapeClassicHistograms": "bool",
                      "scrapeProtocols": [
                        "list",
                        "string"
                      ],
                      "selector": [
                        "object",
                        {
                          "matchExpressions": [
                            "list",
                            [
                              "object",
                              {
                                "key": "string",
                                "operator": "string",
                                "values": [
                                  "list",
                                  "string"
                                ]
                              }
                            ]
                          ],
                          "matchLabels": [
                            "map",
                            "string"
                          ]
                        }
                      ],
                      "selectorMechanism": "string",
                      "targetLabels": [
                        "list",
                        "string"
                      ],
                      "targetLimit": "number"
                    }
                  ]
                }
              ]
            },
            "timeouts": [],
            "wait": [],
            "wait_for": null
          },
          "sensitive_attributes": []
        }
      ]
    },
    {
      "mode": "managed",
      "type": "kubernetes_manifest",
      "name": "argocd_server_metrics",
      "provider": "provider[\"registry.terraform.io/hashicorp/kubernetes\"]",
      "instances": [
        {
          "schema_version": 1,
          "attributes": {
            "computed_fields": null,
            "field_manager": [],
            "manifest": {
              "value": {
                "apiVersion": "monitoring.coreos.com/v1",
                "kind": "ServiceMonitor",
                "metadata": {
                  "labels": {
                    "release": "prometheus-operator"
                  },
                  "name": "argocd-server-metrics",
                  "namespace": "argocd-app"
                },
                "spec": {
                  "endpoints": [
                    {
                      "port": "metrics"
                    }
                  ],
                  "namespaceSelector": {
                    "any": true
                  },
                  "selector": {
                    "matchLabels": {
                      "app.kubernetes.io/name": "argocd-server-metrics"
                    }
                  }
                }
              },
              "type": [
                "object",
                {
                  "apiVersion": "string",
                  "kind": "string",
                  "metadata": [
                    "object",
                    {
                      "labels": [
                        "object",
                        {
                          "release": "string"
                        }
                      ],
                      "name": "string",
                      "namespace": "string"
                    }
                  ],
                  "spec": [
                    "object",
                    {
                      "endpoints": [
                        "tuple",
                        [
                          [
                            "object",
                            {
                              "port": "string"
                            }
                          ]
                        ]
                      ],
                      "namespaceSelector": [
                        "object",
                        {
                          "any": "bool"
                        }
                      ],
                      "selector": [
                        "object",
                        {
                          "matchLabels": [
                            "object",
                            {
                              "app.kubernetes.io/name": "string"
                            }
                          ]
                        }
                      ]
                    }
                  ]
                }
              ]
            },
            "object": {
              "value": {
                "apiVersion": "monitoring.coreos.com/v1",
                "kind": "ServiceMonitor",
                "metadata": {
                  "annotations": null,
                  "creationTimestamp": null,
                  "deletionGracePeriodSeconds": null,
                  "deletionTimestamp": null,
                  "finalizers": null,
                  "generateName": null,
                  "generation": null,
                  "labels": {
                    "release": "prometheus-operator"
                  },
                  "managedFields": null,
                  "name": "argocd-server-metrics",
                  "namespace": "argocd-app",
                  "ownerReferences": null,
                  "resourceVersion": null,
                  "selfLink": null,
                  "uid": null
                },
                "spec": {
                  "attachMetadata": {
                    "node": null
                  },
                  "bodySizeLimit": null,
                  "endpoints": [
                    {
                      "authorization": {
                        "credentials": {
                          "key": null,
                          "name": null,
                          "optional": null
                        },
                        "type": null
                      },
                      "basicAuth": {
                        "password": {
                          "key": null,
                          "name": null,
                          "optional": null
                        },
                        "username": {
                          "key": null,
                          "name": null,
                          "optional": null
                        }
                      },
                      "bearerTokenFile": null,
                      "bearerTokenSecret": {
                        "key": null,
                        "name": null,
                        "optional": null
                      },
                      "enableHttp2": null,
                      "filterRunning": null,
                      "followRedirects": null,
                      "honorLabels": null,
                      "honorTimestamps": null,
                      "interval": null,
                      "metricRelabelings": null,
                      "oauth2": {
                        "clientId": {
                          "configMap": {
                            "key": null,
                            "name": null,
                            "optional": null
                          },
                          "secret": {
                            "key": null,
                            "name": null,
                            "optional": null
                          }
                        },
                        "clientSecret": {
                          "key": null,
                          "name": null,
                          "optional": null
                        },
                        "endpointParams": null,
                        "noProxy": null,
                        "proxyConnectHeader": null,
                        "proxyFromEnvironment": null,
                        "proxyUrl": null,
                        "scopes": null,
                        "tlsConfig": {
                          "ca": {
                            "configMap": {
                              "key": null,
                              "name": null,
                              "optional": null
                            },
                            "secret": {
                              "key": null,
                              "name": null,
                              "optional": null
                            }
                          },
                          "cert": {
                            "configMap": {
                              "key": null,
                              "name": null,
                              "optional": null
                            },
                            "secret": {
                              "key": null,
                              "name": null,
                              "optional": null
                            }
                          },
                          "insecureSkipVerify": null,
                          "keySecret": {
                            "key": null,
                            "name": null,
                            "optional": null
                          },
                          "maxVersion": null,
                          "minVersion": null,
                          "serverName": null
                        },
                        "tokenUrl": null
                      },
                      "params": null,
                      "path": null,
                      "port": "metrics",
                      "proxyUrl": null,
                      "relabelings": null,
                      "scheme": null,
                      "scrapeTimeout": null,
                      "targetPort": null,
                      "tlsConfig": {
                        "ca": {
                          "configMap": {
                            "key": null,
                            "name": null,
                            "optional": null
                          },
                          "secret": {
                            "key": null,
                            "name": null,
                            "optional": null
                          }
                        },
                        "caFile": null,
                        "cert": {
                          "configMap": {
                            "key": null,
                            "name": null,
                            "optional": null
                          },
                          "secret": {
                            "key": null,
                            "name": null,
                            "optional": null
                          }
                        },
                        "certFile": null,
                        "insecureSkipVerify": null,
                        "keyFile": null,
                        "keySecret": {
                          "key": null,
                          "name": null,
                          "optional": null
                        },
                        "maxVersion": null,
                        "minVersion": null,
                        "serverName": null
                      },
                      "trackTimestampsStaleness": null
                    }
                  ],
                  "fallbackScrapeProtocol": null,
                  "jobLabel": null,
                  "keepDroppedTargets": null,
                  "labelLimit": null,
                  "labelNameLengthLimit": null,
                  "labelValueLengthLimit": null,
                  "namespaceSelector": {
                    "any": true,
                    "matchNames": null
                  },
                  "nativeHistogramBucketLimit": null,
                  "nativeHistogramMinBucketFactor": null,
                  "podTargetLabels": null,
                  "sampleLimit": null,
                  "scrapeClass": null,
                  "scrapeClassicHistograms": null,
                  "scrapeProtocols": null,
                  "selector": {
                    "matchExpressions": null,
                    "matchLabels": {
                      "app.kubernetes.io/name": "argocd-server-metrics"
                    }
                  },
                  "selectorMechanism": null,
                  "targetLabels": null,
                  "targetLimit": null
                }
              },
              "type": [
                "object",
                {
                  "apiVersion": "string",
                  "kind": "string",
                  "metadata": [
                    "object",
                    {
                      "annotations": [
                        "map",
                        "string"
                      ],
                      "creationTimestamp": "string",
                      "deletionGracePeriodSeconds": "number",
                      "deletionTimestamp": "string",
                      "finalizers": [
                        "list",
                        "string"
                      ],
                      "generateName": "string",
                      "generation": "number",
                      "labels": [
                        "map",
                        "string"
                      ],
                      "managedFields": [
                        "tuple",
                        [
                          [
                            "object",
                            {
                              "apiVersion": "string",
                              "fieldsType": "string",
                              "fieldsV1": "dynamic",
                              "manager": "string",
                              "operation": "string",
                              "subresource": "string",
                              "time": "string"
                            }
                          ]
                        ]
                      ],
                      "name": "string",
                      "namespace": "string",
                      "ownerReferences": [
                        "list",
                        [
                          "object",
                          {
                            "apiVersion": "string",
                            "blockOwnerDeletion": "bool",
                            "controller": "bool",
                            "kind": "string",
                            "name": "string",
                            "uid": "string"
                          }
                        ]
                      ],
                      "resourceVersion": "string",
                      "selfLink": "string",
                      "uid": "string"
                    }
                  ],
                  "spec": [
                    "object",
                    {
                      "attachMetadata": [
                        "object",
                        {
                          "node": "bool"
                        }
                      ],
                      "bodySizeLimit": "string",
                      "endpoints": [
                        "list",
                        [
                          "object",
                          {
                            "authorization": [
                              "object",
                              {
                                "credentials": [
                                  "object",
                                  {
                                    "key": "string",
                                    "name": "string",
                                    "optional": "bool"
                                  }
                                ],
                                "type": "string"
                              }
                            ],
                            "basicAuth": [
                              "object",
                              {
                                "password": [
                                  "object",
                                  {
                                    "key": "string",
                                    "name": "string",
                                    "optional": "bool"
                                  }
                                ],
                                "username": [
                                  "object",
                                  {
                                    "key": "string",
                                    "name": "string",
                                    "optional": "bool"
                                  }
                                ]
                              }
                            ],
                            "bearerTokenFile": "string",
                            "bearerTokenSecret": [
                              "object",
                              {
                                "key": "string",
                                "name": "string",
                                "optional": "bool"
                              }
                            ],
                            "enableHttp2": "bool",
                            "filterRunning": "bool",
                            "followRedirects": "bool",
                            "honorLabels": "bool",
                            "honorTimestamps": "bool",
                            "interval": "string",
                            "metricRelabelings": [
                              "list",
                              [
                                "object",
                                {
                                  "action": "string",
                                  "modulus": "number",
                                  "regex": "string",
                                  "replacement": "string",
                                  "separator": "string",
                                  "sourceLabels": [
                                    "list",
                                    "string"
                                  ],
                                  "targetLabel": "string"
                                }
                              ]
                            ],
                            "oauth2": [
                              "object",
                              {
                                "clientId": [
                                  "object",
                                  {
                                    "configMap": [
                                      "object",
                                      {
                                        "key": "string",
                                        "name": "string",
                                        "optional": "bool"
                                      }
                                    ],
                                    "secret": [
                                      "object",
                                      {
                                        "key": "string",
                                        "name": "string",
                                        "optional": "bool"
                                      }
                                    ]
                                  }
                                ],
                                "clientSecret": [
                                  "object",
                                  {
                                    "key": "string",
                                    "name": "string",
                                    "optional": "bool"
                                  }
                                ],
                                "endpointParams": [
                                  "map",
                                  "string"
                                ],
                                "noProxy": "string",
                                "proxyConnectHeader": [
                                  "map",
                                  [
                                    "list",
                                    [
                                      "object",
                                      {
                                        "key": "string",
                                        "name": "string",
                                        "optional": "bool"
                                      }
                                    ]
                                  ]
                                ],
                                "proxyFromEnvironment": "bool",
                                "proxyUrl": "string",
                                "scopes": [
                                  "list",
                                  "string"
                                ],
                                "tlsConfig": [
                                  "object",
                                  {
                                    "ca": [
                                      "object",
                                      {
                                        "configMap": [
                                          "object",
                                          {
                                            "key": "string",
                                            "name": "string",
                                            "optional": "bool"
                                          }
                                        ],
                                        "secret": [
                                          "object",
                                          {
                                            "key": "string",
                                            "name": "string",
                                            "optional": "bool"
                                          }
                                        ]
                                      }
                                    ],
                                    "cert": [
                                      "object",
                                      {
                                        "configMap": [
                                          "object",
                                          {
                                            "key": "string",
                                            "name": "string",
                                            "optional": "bool"
                                          }
                                        ],
                                        "secret": [
                                          "object",
                                          {
                                            "key": "string",
                                            "name": "string",
                                            "optional": "bool"
                                          }
                                        ]
                                      }
                                    ],
                                    "insecureSkipVerify": "bool",
                                    "keySecret": [
                                      "object",
                                      {
                                        "key": "string",
                                        "name": "string",
                                        "optional": "bool"
                                      }
                                    ],
                                    "maxVersion": "string",
                                    "minVersion": "string",
                                    "serverName": "string"
                                  }
                                ],
                                "tokenUrl": "string"
                              }
                            ],
                            "params": [
                              "map",
                              [
                                "list",
                                "string"
                              ]
                            ],
                            "path": "string",
                            "port": "string",
                            "proxyUrl": "string",
                            "relabelings": [
                              "list",
                              [
                                "object",
                                {
                                  "action": "string",
                                  "modulus": "number",
                                  "regex": "string",
                                  "replacement": "string",
                                  "separator": "string",
                                  "sourceLabels": [
                                    "list",
                                    "string"
                                  ],
                                  "targetLabel": "string"
                                }
                              ]
                            ],
                            "scheme": "string",
                            "scrapeTimeout": "string",
                            "targetPort": "string",
                            "tlsConfig": [
                              "object",
                              {
                                "ca": [
                                  "object",
                                  {
                                    "configMap": [
                                      "object",
                                      {
                                        "key": "string",
                                        "name": "string",
                                        "optional": "bool"
                                      }
                                    ],
                                    "secret": [
                                      "object",
                                      {
                                        "key": "string",
                                        "name": "string",
                                        "optional": "bool"
                                      }
                                    ]
                                  }
                                ],
                                "caFile": "string",
                                "cert": [
                                  "object",
                                  {
                                    "configMap": [
                                      "object",
                                      {
                                        "key": "string",
                                        "name": "string",
                                        "optional": "bool"
                                      }
                                    ],
                                    "secret": [
                                      "object",
                                      {
                                        "key": "string",
                                        "name": "string",
                                        "optional": "bool"
                                      }
                                    ]
                                  }
                                ],
                                "certFile": "string",
                                "insecureSkipVerify": "bool",
                                "keyFile": "string",
                                "keySecret": [
                                  "object",
                                  {
                                    "key": "string",
                                    "name": "string",
                                    "optional": "bool"
                                  }
                                ],
                                "maxVersion": "string",
                                "minVersion": "string",
                                "serverName": "string"
                              }
                            ],
                            "trackTimestampsStaleness": "bool"
                          }
                        ]
                      ],
                      "fallbackScrapeProtocol": "string",
                      "jobLabel": "string",
                      "keepDroppedTargets": "number",
                      "labelLimit": "number",
                      "labelNameLengthLimit": "number",
                      "labelValueLengthLimit": "number",
                      "namespaceSelector": [
                        "object",
                        {
                          "any": "bool",
                          "matchNames": [
                            "list",
                            "string"
                          ]
                        }
                      ],
                      "nativeHistogramBucketLimit": "number",
                      "nativeHistogramMinBucketFactor": "string",
                      "podTargetLabels": [
                        "list",
                        "string"
                      ],
                      "sampleLimit": "number",
                      "scrapeClass": "string",
                      "scrapeClassicHistograms": "bool",
                      "scrapeProtocols": [
                        "list",
                        "string"
                      ],
                      "selector": [
                        "object",
                        {
                          "matchExpressions": [
                            "list",
                            [
                              "object",
                              {
                                "key": "string",
                                "operator": "string",
                                "values": [
                                  "list",
                                  "string"
                                ]
                              }
                            ]
                          ],
                          "matchLabels": [
                            "map",
                            "string"
                          ]
                        }
                      ],
                      "selectorMechanism": "string",
                      "targetLabels": [
                        "list",
                        "string"
                      ],
                      "targetLimit": "number"
                    }
                  ]
                }
              ]
            },
            "timeouts": [],
            "wait": [],
            "wait_for": null
          },
          "sensitive_attributes": []
        }
      ]
    },
    {
      "mode": "managed",
      "type": "kubernetes_namespace",
      "name": "argocd_app",
      "provider": "provider[\"registry.terraform.io/hashicorp/kubernetes\"]",
      "instances": [
        {
          "schema_version": 0,
          "attributes": {
            "id": "argocd-app",
            "metadata": [
              {
                "annotations": {},
                "generate_name": "",
                "generation": 0,
                "labels": {},
                "name": "argocd-app",
                "resource_version": "130062",
                "uid": "eb8e48d0-5d69-45f7-a7f3-2b4424aa829d"
              }
            ],
            "timeouts": null,
            "wait_for_default_service_account": false
          },
          "sensitive_attributes": [],
          "private": "eyJlMmJmYjczMC1lY2FhLTExZTYtOGY4OC0zNDM2M2JjN2M0YzAiOnsiZGVsZXRlIjozMDAwMDAwMDAwMDB9fQ=="
        }
      ]
    },
    {
      "mode": "managed",
      "type": "kubernetes_namespace",
      "name": "flask_app",
      "provider": "provider[\"registry.terraform.io/hashicorp/kubernetes\"]",
      "instances": [
        {
          "schema_version": 0,
          "attributes": {
            "id": "flask-app",
            "metadata": [
              {
                "annotations": {},
                "generate_name": "",
                "generation": 0,
                "labels": {},
                "name": "flask-app",
                "resource_version": "109870",
                "uid": "a6faed36-2b5e-4acd-8126-8653fb41d854"
              }
            ],
            "timeouts": null,
            "wait_for_default_service_account": null
          },
          "sensitive_attributes": [],
          "private": "eyJlMmJmYjczMC1lY2FhLTExZTYtOGY4OC0zNDM2M2JjN2M0YzAiOnsiZGVsZXRlIjozMDAwMDAwMDAwMDB9LCJzY2hlbWFfdmVyc2lvbiI6IjAifQ=="
        }
      ]
    }
  ],
  "check_results": null
}
